// !$*UTF8*$!
{
	archiveVersion = 1;
	classes = {
	};
	objectVersion = 56;
	objects = {

/* Begin PBXBuildFile section */
		C7054B812A88278700E4E23E /* BigPromoCell.swift in Sources */ = {isa = PBXBuildFile; fileRef = C7054B802A88278700E4E23E /* BigPromoCell.swift */; };
		C716D4772AD2B5D300DA940C /* NetworkClient.swift in Sources */ = {isa = PBXBuildFile; fileRef = C716D4762AD2B5D300DA940C /* NetworkClient.swift */; };
		C716D4792AD2B5E600DA940C /* RequestBuilder.swift in Sources */ = {isa = PBXBuildFile; fileRef = C716D4782AD2B5E600DA940C /* RequestBuilder.swift */; };
		C716D47B2AD2B5F600DA940C /* NetworkRequest.swift in Sources */ = {isa = PBXBuildFile; fileRef = C716D47A2AD2B5F600DA940C /* NetworkRequest.swift */; };
		C716D47D2AD2B60900DA940C /* EndpointComponent.swift in Sources */ = {isa = PBXBuildFile; fileRef = C716D47C2AD2B60900DA940C /* EndpointComponent.swift */; };
		C716D47F2AD2B63B00DA940C /* NetworkDecoder.swift in Sources */ = {isa = PBXBuildFile; fileRef = C716D47E2AD2B63B00DA940C /* NetworkDecoder.swift */; };
		C716D4812AD2B65200DA940C /* Converter.swift in Sources */ = {isa = PBXBuildFile; fileRef = C716D4802AD2B65200DA940C /* Converter.swift */; };
		C716D4832AD2B66600DA940C /* HTTPMethod.swift in Sources */ = {isa = PBXBuildFile; fileRef = C716D4822AD2B66600DA940C /* HTTPMethod.swift */; };
		C716D4852AD2B69C00DA940C /* NetworkError.swift in Sources */ = {isa = PBXBuildFile; fileRef = C716D4842AD2B69C00DA940C /* NetworkError.swift */; };
		C716D4892AD2B6CA00DA940C /* ConverterFromJSON.swift in Sources */ = {isa = PBXBuildFile; fileRef = C716D4882AD2B6CA00DA940C /* ConverterFromJSON.swift */; };
		C716D48B2AD2B6E600DA940C /* NetworkClientImpl.swift in Sources */ = {isa = PBXBuildFile; fileRef = C716D48A2AD2B6E600DA940C /* NetworkClientImpl.swift */; };
		C716D48D2AD2B74900DA940C /* RequestBuilderImpl.swift in Sources */ = {isa = PBXBuildFile; fileRef = C716D48C2AD2B74900DA940C /* RequestBuilderImpl.swift */; };
		C716D48F2AD2B78F00DA940C /* NetworkDecoderWrapper.swift in Sources */ = {isa = PBXBuildFile; fileRef = C716D48E2AD2B78F00DA940C /* NetworkDecoderWrapper.swift */; };
		C716D4922AD2B80100DA940C /* HomePageInfoRequest.swift in Sources */ = {isa = PBXBuildFile; fileRef = C716D4912AD2B80100DA940C /* HomePageInfoRequest.swift */; };
		C716D4942AD2B88B00DA940C /* CatalogEndpoints.swift in Sources */ = {isa = PBXBuildFile; fileRef = C716D4932AD2B88B00DA940C /* CatalogEndpoints.swift */; };
		C716D4972AD2BB0000DA940C /* HomePageInfoResponse.swift in Sources */ = {isa = PBXBuildFile; fileRef = C716D4962AD2BB0000DA940C /* HomePageInfoResponse.swift */; };
		C716D49A2AD2C14700DA940C /* BreadCategoryDataAPI.json in Resources */ = {isa = PBXBuildFile; fileRef = C716D4992AD2C14700DA940C /* BreadCategoryDataAPI.json */; };
		C716D49D2AD2CA4000DA940C /* LazyImageView.swift in Sources */ = {isa = PBXBuildFile; fileRef = C716D49C2AD2CA4000DA940C /* LazyImageView.swift */; };
		C716D49F2AD2CA6000DA940C /* ImageRes.swift in Sources */ = {isa = PBXBuildFile; fileRef = C716D49E2AD2CA6000DA940C /* ImageRes.swift */; };
		C73DADCF2A8E98FB0091A73C /* BigPromoData.swift in Sources */ = {isa = PBXBuildFile; fileRef = C73DADCE2A8E98FB0091A73C /* BigPromoData.swift */; };
		C74DC66C2A87EA2E005DDF7A /* AppDelegate.swift in Sources */ = {isa = PBXBuildFile; fileRef = C74DC66B2A87EA2E005DDF7A /* AppDelegate.swift */; };
		C74DC66E2A87EA2E005DDF7A /* SceneDelegate.swift in Sources */ = {isa = PBXBuildFile; fileRef = C74DC66D2A87EA2E005DDF7A /* SceneDelegate.swift */; };
		C74DC6752A87EA2F005DDF7A /* Assets.xcassets in Resources */ = {isa = PBXBuildFile; fileRef = C74DC6742A87EA2F005DDF7A /* Assets.xcassets */; };
		C74DC6782A87EA2F005DDF7A /* LaunchScreen.storyboard in Resources */ = {isa = PBXBuildFile; fileRef = C74DC6762A87EA2F005DDF7A /* LaunchScreen.storyboard */; };
		C74DC6832A87EA2F005DDF7A /* FoodRunnerAppTests.swift in Sources */ = {isa = PBXBuildFile; fileRef = C74DC6822A87EA2F005DDF7A /* FoodRunnerAppTests.swift */; };
		C74DC68D2A87EA30005DDF7A /* FoodRunnerAppUITests.swift in Sources */ = {isa = PBXBuildFile; fileRef = C74DC68C2A87EA30005DDF7A /* FoodRunnerAppUITests.swift */; };
		C74DC68F2A87EA30005DDF7A /* FoodRunnerAppUITestsLaunchTests.swift in Sources */ = {isa = PBXBuildFile; fileRef = C74DC68E2A87EA30005DDF7A /* FoodRunnerAppUITestsLaunchTests.swift */; };
		C74DC6A52A87EC96005DDF7A /* HomeViewController.swift in Sources */ = {isa = PBXBuildFile; fileRef = C74DC6A42A87EC96005DDF7A /* HomeViewController.swift */; };
		C74DC6A92A87F159005DDF7A /* CategoryCell.swift in Sources */ = {isa = PBXBuildFile; fileRef = C74DC6A82A87F159005DDF7A /* CategoryCell.swift */; };
		C74DC6AF2A87F8B0005DDF7A /* CatalogCategoryHeaderReusableView.swift in Sources */ = {isa = PBXBuildFile; fileRef = C74DC6AE2A87F8B0005DDF7A /* CatalogCategoryHeaderReusableView.swift */; };
		C74DC6B12A8805D1005DDF7A /* CatalogData.swift in Sources */ = {isa = PBXBuildFile; fileRef = C74DC6B02A8805D1005DDF7A /* CatalogData.swift */; };
		C74DC6B52A8809F7005DDF7A /* UIColor+hexString.swift in Sources */ = {isa = PBXBuildFile; fileRef = C74DC6B42A8809F6005DDF7A /* UIColor+hexString.swift */; };
		C74DC6BD2A880B35005DDF7A /* Inter-Regular.ttf in Resources */ = {isa = PBXBuildFile; fileRef = C74DC6B72A880B34005DDF7A /* Inter-Regular.ttf */; };
		C74DC6BE2A880B35005DDF7A /* Inter-Medium.ttf in Resources */ = {isa = PBXBuildFile; fileRef = C74DC6B82A880B34005DDF7A /* Inter-Medium.ttf */; };
		C74DC6BF2A880B35005DDF7A /* Inter-Black.ttf in Resources */ = {isa = PBXBuildFile; fileRef = C74DC6B92A880B34005DDF7A /* Inter-Black.ttf */; };
		C74DC6C02A880B35005DDF7A /* Inter-Bold.ttf in Resources */ = {isa = PBXBuildFile; fileRef = C74DC6BA2A880B34005DDF7A /* Inter-Bold.ttf */; };
		C74DC6C12A880B35005DDF7A /* Inter-Thin.ttf in Resources */ = {isa = PBXBuildFile; fileRef = C74DC6BB2A880B34005DDF7A /* Inter-Thin.ttf */; };
		C74DC6C22A880B35005DDF7A /* Inter-Light.ttf in Resources */ = {isa = PBXBuildFile; fileRef = C74DC6BC2A880B35005DDF7A /* Inter-Light.ttf */; };
		C74DC6C42A880BB6005DDF7A /* FontsRes.swift in Sources */ = {isa = PBXBuildFile; fileRef = C74DC6C32A880BB6005DDF7A /* FontsRes.swift */; };
		C74DC6C62A880DCB005DDF7A /* MockViewController.swift in Sources */ = {isa = PBXBuildFile; fileRef = C74DC6C52A880DCA005DDF7A /* MockViewController.swift */; };
		C761F3352A8E7431001571AC /* ProductDataResponse.swift in Sources */ = {isa = PBXBuildFile; fileRef = C761F3342A8E7431001571AC /* ProductDataResponse.swift */; };
		C765BBC22A90070000CC0D44 /* GalleryCollectionView.swift in Sources */ = {isa = PBXBuildFile; fileRef = C765BBC12A90070000CC0D44 /* GalleryCollectionView.swift */; };
		C765BBC52A90074E00CC0D44 /* GalleryProductCell.swift in Sources */ = {isa = PBXBuildFile; fileRef = C765BBC42A90074E00CC0D44 /* GalleryProductCell.swift */; };
		C765BBC72A90080300CC0D44 /* GalleryData.swift in Sources */ = {isa = PBXBuildFile; fileRef = C765BBC62A90080300CC0D44 /* GalleryData.swift */; };
		C77055272A8CEADE00286F8E /* GalleryPresenter.swift in Sources */ = {isa = PBXBuildFile; fileRef = C77055262A8CEADE00286F8E /* GalleryPresenter.swift */; };
		C77055292A8CEAF500286F8E /* GalleryInteractor.swift in Sources */ = {isa = PBXBuildFile; fileRef = C77055282A8CEAF500286F8E /* GalleryInteractor.swift */; };
		C770552B2A8CEB0800286F8E /* GalleryRouter.swift in Sources */ = {isa = PBXBuildFile; fileRef = C770552A2A8CEB0800286F8E /* GalleryRouter.swift */; };
		C770552D2A8CEB1A00286F8E /* GalleryScreenProtocols.swift in Sources */ = {isa = PBXBuildFile; fileRef = C770552C2A8CEB1A00286F8E /* GalleryScreenProtocols.swift */; };
		C770552F2A8CEB2900286F8E /* GalleryModuleBuilder.swift in Sources */ = {isa = PBXBuildFile; fileRef = C770552E2A8CEB2900286F8E /* GalleryModuleBuilder.swift */; };
		C770553E2A8CEF1E00286F8E /* ProductViewController.swift in Sources */ = {isa = PBXBuildFile; fileRef = C770553D2A8CEF1E00286F8E /* ProductViewController.swift */; };
		C77055402A8CEF3B00286F8E /* ProductPresenter.swift in Sources */ = {isa = PBXBuildFile; fileRef = C770553F2A8CEF3B00286F8E /* ProductPresenter.swift */; };
		C77055422A8CEF5000286F8E /* ProductInteractor.swift in Sources */ = {isa = PBXBuildFile; fileRef = C77055412A8CEF5000286F8E /* ProductInteractor.swift */; };
		C77055442A8CEF6400286F8E /* ProductRouter.swift in Sources */ = {isa = PBXBuildFile; fileRef = C77055432A8CEF6400286F8E /* ProductRouter.swift */; };
		C77055462A8CEF7600286F8E /* ProductScreenProtocols.swift in Sources */ = {isa = PBXBuildFile; fileRef = C77055452A8CEF7600286F8E /* ProductScreenProtocols.swift */; };
		C77055482A8CEF8100286F8E /* ProductModuleBuilder.swift in Sources */ = {isa = PBXBuildFile; fileRef = C77055472A8CEF8100286F8E /* ProductModuleBuilder.swift */; };
		C773A4D52AD31DD5003056C8 /* ProductRequest.swift in Sources */ = {isa = PBXBuildFile; fileRef = C773A4D42AD31DD5003056C8 /* ProductRequest.swift */; };
		C773A4D72AD31DE1003056C8 /* ProductResponse.swift in Sources */ = {isa = PBXBuildFile; fileRef = C773A4D62AD31DE1003056C8 /* ProductResponse.swift */; };
		C773A4DA2AD327AC003056C8 /* CacheService.swift in Sources */ = {isa = PBXBuildFile; fileRef = C773A4D92AD327AC003056C8 /* CacheService.swift */; };
		C773A4DC2AD327BD003056C8 /* StructWrapper.swift in Sources */ = {isa = PBXBuildFile; fileRef = C773A4DB2AD327BD003056C8 /* StructWrapper.swift */; };
		C7B314F22A88EBC800387390 /* HomeCatalogView.swift in Sources */ = {isa = PBXBuildFile; fileRef = C7B314F12A88EBC800387390 /* HomeCatalogView.swift */; };
		C7B314F42A88FEC400387390 /* CompositionalLayoutConfigurator.swift in Sources */ = {isa = PBXBuildFile; fileRef = C7B314F32A88FEC400387390 /* CompositionalLayoutConfigurator.swift */; };
		C7B314F62A89003F00387390 /* UIView+addViews.swift in Sources */ = {isa = PBXBuildFile; fileRef = C7B314F52A89003F00387390 /* UIView+addViews.swift */; };
		C7B314F92A892C7F00387390 /* ProductsData.swift in Sources */ = {isa = PBXBuildFile; fileRef = C7B314F82A892C7F00387390 /* ProductsData.swift */; };
		C7D54E3A2A8A3E35009CBB63 /* GalleryViewController.swift in Sources */ = {isa = PBXBuildFile; fileRef = C7D54E392A8A3E35009CBB63 /* GalleryViewController.swift */; };
		C7D54E3C2A8A4FF8009CBB63 /* HomeScreenProtocols.swift in Sources */ = {isa = PBXBuildFile; fileRef = C7D54E3B2A8A4FF8009CBB63 /* HomeScreenProtocols.swift */; };
		C7D54E3F2A8A5883009CBB63 /* HomePresenter.swift in Sources */ = {isa = PBXBuildFile; fileRef = C7D54E3E2A8A5883009CBB63 /* HomePresenter.swift */; };
		C7D54E412A8A58E5009CBB63 /* HomeInteractor.swift in Sources */ = {isa = PBXBuildFile; fileRef = C7D54E402A8A58E5009CBB63 /* HomeInteractor.swift */; };
		C7D54E432A8A5910009CBB63 /* HomeRouter.swift in Sources */ = {isa = PBXBuildFile; fileRef = C7D54E422A8A5910009CBB63 /* HomeRouter.swift */; };
		C7D54E452A8A5933009CBB63 /* HomeModuleBuilder.swift in Sources */ = {isa = PBXBuildFile; fileRef = C7D54E442A8A5933009CBB63 /* HomeModuleBuilder.swift */; };
		C7D5F3BC2A88184D000E4A06 /* PromoCell.swift in Sources */ = {isa = PBXBuildFile; fileRef = C7D5F3BB2A88184D000E4A06 /* PromoCell.swift */; };
		C7FA64C82A8CD46B0079099E /* CacheServiceImpl.swift in Sources */ = {isa = PBXBuildFile; fileRef = C7FA64C72A8CD46B0079099E /* CacheServiceImpl.swift */; };
		C7FB94B22A8EA21500D2F01D /* CatalogRes.swift in Sources */ = {isa = PBXBuildFile; fileRef = C7FB94B12A8EA21500D2F01D /* CatalogRes.swift */; };
/* End PBXBuildFile section */

/* Begin PBXContainerItemProxy section */
		C74DC67F2A87EA2F005DDF7A /* PBXContainerItemProxy */ = {
			isa = PBXContainerItemProxy;
			containerPortal = C74DC6602A87EA2E005DDF7A /* Project object */;
			proxyType = 1;
			remoteGlobalIDString = C74DC6672A87EA2E005DDF7A;
			remoteInfo = FoodRunnerApp;
		};
		C74DC6892A87EA30005DDF7A /* PBXContainerItemProxy */ = {
			isa = PBXContainerItemProxy;
			containerPortal = C74DC6602A87EA2E005DDF7A /* Project object */;
			proxyType = 1;
			remoteGlobalIDString = C74DC6672A87EA2E005DDF7A;
			remoteInfo = FoodRunnerApp;
		};
/* End PBXContainerItemProxy section */

/* Begin PBXFileReference section */
		C7054B802A88278700E4E23E /* BigPromoCell.swift */ = {isa = PBXFileReference; lastKnownFileType = sourcecode.swift; path = BigPromoCell.swift; sourceTree = "<group>"; };
		C716D4762AD2B5D300DA940C /* NetworkClient.swift */ = {isa = PBXFileReference; lastKnownFileType = sourcecode.swift; path = NetworkClient.swift; sourceTree = "<group>"; };
		C716D4782AD2B5E600DA940C /* RequestBuilder.swift */ = {isa = PBXFileReference; lastKnownFileType = sourcecode.swift; path = RequestBuilder.swift; sourceTree = "<group>"; };
		C716D47A2AD2B5F600DA940C /* NetworkRequest.swift */ = {isa = PBXFileReference; lastKnownFileType = sourcecode.swift; path = NetworkRequest.swift; sourceTree = "<group>"; };
		C716D47C2AD2B60900DA940C /* EndpointComponent.swift */ = {isa = PBXFileReference; lastKnownFileType = sourcecode.swift; path = EndpointComponent.swift; sourceTree = "<group>"; };
		C716D47E2AD2B63B00DA940C /* NetworkDecoder.swift */ = {isa = PBXFileReference; lastKnownFileType = sourcecode.swift; path = NetworkDecoder.swift; sourceTree = "<group>"; };
		C716D4802AD2B65200DA940C /* Converter.swift */ = {isa = PBXFileReference; lastKnownFileType = sourcecode.swift; path = Converter.swift; sourceTree = "<group>"; };
		C716D4822AD2B66600DA940C /* HTTPMethod.swift */ = {isa = PBXFileReference; lastKnownFileType = sourcecode.swift; path = HTTPMethod.swift; sourceTree = "<group>"; };
		C716D4842AD2B69C00DA940C /* NetworkError.swift */ = {isa = PBXFileReference; lastKnownFileType = sourcecode.swift; path = NetworkError.swift; sourceTree = "<group>"; };
		C716D4882AD2B6CA00DA940C /* ConverterFromJSON.swift */ = {isa = PBXFileReference; lastKnownFileType = sourcecode.swift; path = ConverterFromJSON.swift; sourceTree = "<group>"; };
		C716D48A2AD2B6E600DA940C /* NetworkClientImpl.swift */ = {isa = PBXFileReference; lastKnownFileType = sourcecode.swift; path = NetworkClientImpl.swift; sourceTree = "<group>"; };
		C716D48C2AD2B74900DA940C /* RequestBuilderImpl.swift */ = {isa = PBXFileReference; lastKnownFileType = sourcecode.swift; path = RequestBuilderImpl.swift; sourceTree = "<group>"; };
		C716D48E2AD2B78F00DA940C /* NetworkDecoderWrapper.swift */ = {isa = PBXFileReference; lastKnownFileType = sourcecode.swift; path = NetworkDecoderWrapper.swift; sourceTree = "<group>"; };
		C716D4912AD2B80100DA940C /* HomePageInfoRequest.swift */ = {isa = PBXFileReference; lastKnownFileType = sourcecode.swift; path = HomePageInfoRequest.swift; sourceTree = "<group>"; };
		C716D4932AD2B88B00DA940C /* CatalogEndpoints.swift */ = {isa = PBXFileReference; lastKnownFileType = sourcecode.swift; path = CatalogEndpoints.swift; sourceTree = "<group>"; };
		C716D4952AD2B9A000DA940C /* HomePageInfoAPI.json */ = {isa = PBXFileReference; lastKnownFileType = text.json; path = HomePageInfoAPI.json; sourceTree = "<group>"; };
		C716D4962AD2BB0000DA940C /* HomePageInfoResponse.swift */ = {isa = PBXFileReference; lastKnownFileType = sourcecode.swift; path = HomePageInfoResponse.swift; sourceTree = "<group>"; };
		C716D4992AD2C14700DA940C /* BreadCategoryDataAPI.json */ = {isa = PBXFileReference; lastKnownFileType = text.json; path = BreadCategoryDataAPI.json; sourceTree = "<group>"; };
		C716D49C2AD2CA4000DA940C /* LazyImageView.swift */ = {isa = PBXFileReference; lastKnownFileType = sourcecode.swift; path = LazyImageView.swift; sourceTree = "<group>"; };
		C716D49E2AD2CA6000DA940C /* ImageRes.swift */ = {isa = PBXFileReference; lastKnownFileType = sourcecode.swift; path = ImageRes.swift; sourceTree = "<group>"; };
		C73DADCE2A8E98FB0091A73C /* BigPromoData.swift */ = {isa = PBXFileReference; lastKnownFileType = sourcecode.swift; path = BigPromoData.swift; sourceTree = "<group>"; };
		C74DC6682A87EA2E005DDF7A /* FoodRunnerApp.app */ = {isa = PBXFileReference; explicitFileType = wrapper.application; includeInIndex = 0; path = FoodRunnerApp.app; sourceTree = BUILT_PRODUCTS_DIR; };
		C74DC66B2A87EA2E005DDF7A /* AppDelegate.swift */ = {isa = PBXFileReference; lastKnownFileType = sourcecode.swift; path = AppDelegate.swift; sourceTree = "<group>"; };
		C74DC66D2A87EA2E005DDF7A /* SceneDelegate.swift */ = {isa = PBXFileReference; lastKnownFileType = sourcecode.swift; path = SceneDelegate.swift; sourceTree = "<group>"; };
		C74DC6742A87EA2F005DDF7A /* Assets.xcassets */ = {isa = PBXFileReference; lastKnownFileType = folder.assetcatalog; path = Assets.xcassets; sourceTree = "<group>"; };
		C74DC6772A87EA2F005DDF7A /* Base */ = {isa = PBXFileReference; lastKnownFileType = file.storyboard; name = Base; path = Base.lproj/LaunchScreen.storyboard; sourceTree = "<group>"; };
		C74DC6792A87EA2F005DDF7A /* Info.plist */ = {isa = PBXFileReference; lastKnownFileType = text.plist.xml; path = Info.plist; sourceTree = "<group>"; };
		C74DC67E2A87EA2F005DDF7A /* FoodRunnerAppTests.xctest */ = {isa = PBXFileReference; explicitFileType = wrapper.cfbundle; includeInIndex = 0; path = FoodRunnerAppTests.xctest; sourceTree = BUILT_PRODUCTS_DIR; };
		C74DC6822A87EA2F005DDF7A /* FoodRunnerAppTests.swift */ = {isa = PBXFileReference; lastKnownFileType = sourcecode.swift; path = FoodRunnerAppTests.swift; sourceTree = "<group>"; };
		C74DC6882A87EA30005DDF7A /* FoodRunnerAppUITests.xctest */ = {isa = PBXFileReference; explicitFileType = wrapper.cfbundle; includeInIndex = 0; path = FoodRunnerAppUITests.xctest; sourceTree = BUILT_PRODUCTS_DIR; };
		C74DC68C2A87EA30005DDF7A /* FoodRunnerAppUITests.swift */ = {isa = PBXFileReference; lastKnownFileType = sourcecode.swift; path = FoodRunnerAppUITests.swift; sourceTree = "<group>"; };
		C74DC68E2A87EA30005DDF7A /* FoodRunnerAppUITestsLaunchTests.swift */ = {isa = PBXFileReference; lastKnownFileType = sourcecode.swift; path = FoodRunnerAppUITestsLaunchTests.swift; sourceTree = "<group>"; };
		C74DC6A42A87EC96005DDF7A /* HomeViewController.swift */ = {isa = PBXFileReference; lastKnownFileType = sourcecode.swift; path = HomeViewController.swift; sourceTree = "<group>"; };
		C74DC6A82A87F159005DDF7A /* CategoryCell.swift */ = {isa = PBXFileReference; lastKnownFileType = sourcecode.swift; path = CategoryCell.swift; sourceTree = "<group>"; };
		C74DC6AE2A87F8B0005DDF7A /* CatalogCategoryHeaderReusableView.swift */ = {isa = PBXFileReference; lastKnownFileType = sourcecode.swift; path = CatalogCategoryHeaderReusableView.swift; sourceTree = "<group>"; };
		C74DC6B02A8805D1005DDF7A /* CatalogData.swift */ = {isa = PBXFileReference; lastKnownFileType = sourcecode.swift; path = CatalogData.swift; sourceTree = "<group>"; };
		C74DC6B42A8809F6005DDF7A /* UIColor+hexString.swift */ = {isa = PBXFileReference; lastKnownFileType = sourcecode.swift; path = "UIColor+hexString.swift"; sourceTree = "<group>"; };
		C74DC6B72A880B34005DDF7A /* Inter-Regular.ttf */ = {isa = PBXFileReference; lastKnownFileType = file; path = "Inter-Regular.ttf"; sourceTree = "<group>"; };
		C74DC6B82A880B34005DDF7A /* Inter-Medium.ttf */ = {isa = PBXFileReference; lastKnownFileType = file; path = "Inter-Medium.ttf"; sourceTree = "<group>"; };
		C74DC6B92A880B34005DDF7A /* Inter-Black.ttf */ = {isa = PBXFileReference; lastKnownFileType = file; path = "Inter-Black.ttf"; sourceTree = "<group>"; };
		C74DC6BA2A880B34005DDF7A /* Inter-Bold.ttf */ = {isa = PBXFileReference; lastKnownFileType = file; path = "Inter-Bold.ttf"; sourceTree = "<group>"; };
		C74DC6BB2A880B34005DDF7A /* Inter-Thin.ttf */ = {isa = PBXFileReference; lastKnownFileType = file; path = "Inter-Thin.ttf"; sourceTree = "<group>"; };
		C74DC6BC2A880B35005DDF7A /* Inter-Light.ttf */ = {isa = PBXFileReference; lastKnownFileType = file; path = "Inter-Light.ttf"; sourceTree = "<group>"; };
		C74DC6C32A880BB6005DDF7A /* FontsRes.swift */ = {isa = PBXFileReference; lastKnownFileType = sourcecode.swift; path = FontsRes.swift; sourceTree = "<group>"; };
		C74DC6C52A880DCA005DDF7A /* MockViewController.swift */ = {isa = PBXFileReference; lastKnownFileType = sourcecode.swift; path = MockViewController.swift; sourceTree = "<group>"; };
		C761F3342A8E7431001571AC /* ProductDataResponse.swift */ = {isa = PBXFileReference; lastKnownFileType = sourcecode.swift; path = ProductDataResponse.swift; sourceTree = "<group>"; };
		C765BBC12A90070000CC0D44 /* GalleryCollectionView.swift */ = {isa = PBXFileReference; lastKnownFileType = sourcecode.swift; path = GalleryCollectionView.swift; sourceTree = "<group>"; };
		C765BBC42A90074E00CC0D44 /* GalleryProductCell.swift */ = {isa = PBXFileReference; lastKnownFileType = sourcecode.swift; path = GalleryProductCell.swift; sourceTree = "<group>"; };
		C765BBC62A90080300CC0D44 /* GalleryData.swift */ = {isa = PBXFileReference; lastKnownFileType = sourcecode.swift; path = GalleryData.swift; sourceTree = "<group>"; };
		C77055262A8CEADE00286F8E /* GalleryPresenter.swift */ = {isa = PBXFileReference; lastKnownFileType = sourcecode.swift; path = GalleryPresenter.swift; sourceTree = "<group>"; };
		C77055282A8CEAF500286F8E /* GalleryInteractor.swift */ = {isa = PBXFileReference; lastKnownFileType = sourcecode.swift; path = GalleryInteractor.swift; sourceTree = "<group>"; };
		C770552A2A8CEB0800286F8E /* GalleryRouter.swift */ = {isa = PBXFileReference; lastKnownFileType = sourcecode.swift; path = GalleryRouter.swift; sourceTree = "<group>"; };
		C770552C2A8CEB1A00286F8E /* GalleryScreenProtocols.swift */ = {isa = PBXFileReference; lastKnownFileType = sourcecode.swift; path = GalleryScreenProtocols.swift; sourceTree = "<group>"; };
		C770552E2A8CEB2900286F8E /* GalleryModuleBuilder.swift */ = {isa = PBXFileReference; lastKnownFileType = sourcecode.swift; path = GalleryModuleBuilder.swift; sourceTree = "<group>"; };
		C770553D2A8CEF1E00286F8E /* ProductViewController.swift */ = {isa = PBXFileReference; lastKnownFileType = sourcecode.swift; path = ProductViewController.swift; sourceTree = "<group>"; };
		C770553F2A8CEF3B00286F8E /* ProductPresenter.swift */ = {isa = PBXFileReference; lastKnownFileType = sourcecode.swift; path = ProductPresenter.swift; sourceTree = "<group>"; };
		C77055412A8CEF5000286F8E /* ProductInteractor.swift */ = {isa = PBXFileReference; lastKnownFileType = sourcecode.swift; path = ProductInteractor.swift; sourceTree = "<group>"; };
		C77055432A8CEF6400286F8E /* ProductRouter.swift */ = {isa = PBXFileReference; lastKnownFileType = sourcecode.swift; path = ProductRouter.swift; sourceTree = "<group>"; };
		C77055452A8CEF7600286F8E /* ProductScreenProtocols.swift */ = {isa = PBXFileReference; lastKnownFileType = sourcecode.swift; path = ProductScreenProtocols.swift; sourceTree = "<group>"; };
		C77055472A8CEF8100286F8E /* ProductModuleBuilder.swift */ = {isa = PBXFileReference; lastKnownFileType = sourcecode.swift; path = ProductModuleBuilder.swift; sourceTree = "<group>"; };
		C773A4D42AD31DD5003056C8 /* ProductRequest.swift */ = {isa = PBXFileReference; lastKnownFileType = sourcecode.swift; path = ProductRequest.swift; sourceTree = "<group>"; };
		C773A4D62AD31DE1003056C8 /* ProductResponse.swift */ = {isa = PBXFileReference; lastKnownFileType = sourcecode.swift; path = ProductResponse.swift; sourceTree = "<group>"; };
		C773A4D92AD327AC003056C8 /* CacheService.swift */ = {isa = PBXFileReference; lastKnownFileType = sourcecode.swift; path = CacheService.swift; sourceTree = "<group>"; };
		C773A4DB2AD327BD003056C8 /* StructWrapper.swift */ = {isa = PBXFileReference; lastKnownFileType = sourcecode.swift; path = StructWrapper.swift; sourceTree = "<group>"; };
		C7B314F12A88EBC800387390 /* HomeCatalogView.swift */ = {isa = PBXFileReference; lastKnownFileType = sourcecode.swift; path = HomeCatalogView.swift; sourceTree = "<group>"; };
		C7B314F32A88FEC400387390 /* CompositionalLayoutConfigurator.swift */ = {isa = PBXFileReference; lastKnownFileType = sourcecode.swift; path = CompositionalLayoutConfigurator.swift; sourceTree = "<group>"; };
		C7B314F52A89003F00387390 /* UIView+addViews.swift */ = {isa = PBXFileReference; lastKnownFileType = sourcecode.swift; path = "UIView+addViews.swift"; sourceTree = "<group>"; };
		C7B314F82A892C7F00387390 /* ProductsData.swift */ = {isa = PBXFileReference; lastKnownFileType = sourcecode.swift; path = ProductsData.swift; sourceTree = "<group>"; };
		C7D54E392A8A3E35009CBB63 /* GalleryViewController.swift */ = {isa = PBXFileReference; lastKnownFileType = sourcecode.swift; path = GalleryViewController.swift; sourceTree = "<group>"; };
		C7D54E3B2A8A4FF8009CBB63 /* HomeScreenProtocols.swift */ = {isa = PBXFileReference; lastKnownFileType = sourcecode.swift; path = HomeScreenProtocols.swift; sourceTree = "<group>"; };
		C7D54E3E2A8A5883009CBB63 /* HomePresenter.swift */ = {isa = PBXFileReference; lastKnownFileType = sourcecode.swift; path = HomePresenter.swift; sourceTree = "<group>"; };
		C7D54E402A8A58E5009CBB63 /* HomeInteractor.swift */ = {isa = PBXFileReference; lastKnownFileType = sourcecode.swift; path = HomeInteractor.swift; sourceTree = "<group>"; };
		C7D54E422A8A5910009CBB63 /* HomeRouter.swift */ = {isa = PBXFileReference; lastKnownFileType = sourcecode.swift; path = HomeRouter.swift; sourceTree = "<group>"; };
		C7D54E442A8A5933009CBB63 /* HomeModuleBuilder.swift */ = {isa = PBXFileReference; lastKnownFileType = sourcecode.swift; path = HomeModuleBuilder.swift; sourceTree = "<group>"; };
		C7D5F3BB2A88184D000E4A06 /* PromoCell.swift */ = {isa = PBXFileReference; lastKnownFileType = sourcecode.swift; path = PromoCell.swift; sourceTree = "<group>"; };
		C7FA64C72A8CD46B0079099E /* CacheServiceImpl.swift */ = {isa = PBXFileReference; lastKnownFileType = sourcecode.swift; path = CacheServiceImpl.swift; sourceTree = "<group>"; };
		C7FB94B12A8EA21500D2F01D /* CatalogRes.swift */ = {isa = PBXFileReference; lastKnownFileType = sourcecode.swift; path = CatalogRes.swift; sourceTree = "<group>"; };
/* End PBXFileReference section */

/* Begin PBXFrameworksBuildPhase section */
		C74DC6652A87EA2E005DDF7A /* Frameworks */ = {
			isa = PBXFrameworksBuildPhase;
			buildActionMask = 2147483647;
			files = (
			);
			runOnlyForDeploymentPostprocessing = 0;
		};
		C74DC67B2A87EA2F005DDF7A /* Frameworks */ = {
			isa = PBXFrameworksBuildPhase;
			buildActionMask = 2147483647;
			files = (
			);
			runOnlyForDeploymentPostprocessing = 0;
		};
		C74DC6852A87EA30005DDF7A /* Frameworks */ = {
			isa = PBXFrameworksBuildPhase;
			buildActionMask = 2147483647;
			files = (
			);
			runOnlyForDeploymentPostprocessing = 0;
		};
/* End PBXFrameworksBuildPhase section */

/* Begin PBXGroup section */
		C716D4752AD2B5B200DA940C /* Networking */ = {
			isa = PBXGroup;
			children = (
				C716D4862AD2B6B600DA940C /* Implementation */,
				C716D4762AD2B5D300DA940C /* NetworkClient.swift */,
				C716D4782AD2B5E600DA940C /* RequestBuilder.swift */,
				C716D47A2AD2B5F600DA940C /* NetworkRequest.swift */,
				C716D47C2AD2B60900DA940C /* EndpointComponent.swift */,
				C716D47E2AD2B63B00DA940C /* NetworkDecoder.swift */,
				C716D4802AD2B65200DA940C /* Converter.swift */,
				C716D4822AD2B66600DA940C /* HTTPMethod.swift */,
				C716D4842AD2B69C00DA940C /* NetworkError.swift */,
			);
			path = Networking;
			sourceTree = "<group>";
		};
		C716D4862AD2B6B600DA940C /* Implementation */ = {
			isa = PBXGroup;
			children = (
				C716D4872AD2B6C000DA940C /* Converters */,
				C716D48A2AD2B6E600DA940C /* NetworkClientImpl.swift */,
				C716D48C2AD2B74900DA940C /* RequestBuilderImpl.swift */,
				C716D48E2AD2B78F00DA940C /* NetworkDecoderWrapper.swift */,
			);
			path = Implementation;
			sourceTree = "<group>";
		};
		C716D4872AD2B6C000DA940C /* Converters */ = {
			isa = PBXGroup;
			children = (
				C716D4882AD2B6CA00DA940C /* ConverterFromJSON.swift */,
			);
			path = Converters;
			sourceTree = "<group>";
		};
		C716D4902AD2B7CB00DA940C /* HomeRequests */ = {
			isa = PBXGroup;
			children = (
				C716D4912AD2B80100DA940C /* HomePageInfoRequest.swift */,
				C716D4962AD2BB0000DA940C /* HomePageInfoResponse.swift */,
			);
			path = HomeRequests;
			sourceTree = "<group>";
		};
		C716D4982AD2C11B00DA940C /* APIJSONData */ = {
			isa = PBXGroup;
			children = (
				C716D4952AD2B9A000DA940C /* HomePageInfoAPI.json */,
				C716D4992AD2C14700DA940C /* BreadCategoryDataAPI.json */,
			);
			path = APIJSONData;
			sourceTree = "<group>";
		};
		C716D49B2AD2CA3700DA940C /* ViewComponents */ = {
			isa = PBXGroup;
			children = (
				C716D49C2AD2CA4000DA940C /* LazyImageView.swift */,
			);
			path = ViewComponents;
			sourceTree = "<group>";
		};
		C74D375F2A8947BE00479CDB /* HomeCells */ = {
			isa = PBXGroup;
			children = (
				C74DC6A82A87F159005DDF7A /* CategoryCell.swift */,
				C7D5F3BB2A88184D000E4A06 /* PromoCell.swift */,
				C7054B802A88278700E4E23E /* BigPromoCell.swift */,
			);
			path = HomeCells;
			sourceTree = "<group>";
		};
		C74D37602A8947D400479CDB /* ReusableViews */ = {
			isa = PBXGroup;
			children = (
				C74DC6AE2A87F8B0005DDF7A /* CatalogCategoryHeaderReusableView.swift */,
			);
			path = ReusableViews;
			sourceTree = "<group>";
		};
		C74D37612A89485900479CDB /* Application */ = {
			isa = PBXGroup;
			children = (
				C74DC66B2A87EA2E005DDF7A /* AppDelegate.swift */,
				C74DC66D2A87EA2E005DDF7A /* SceneDelegate.swift */,
			);
			path = Application;
			sourceTree = "<group>";
		};
		C74DC65F2A87EA2E005DDF7A = {
			isa = PBXGroup;
			children = (
				C74DC66A2A87EA2E005DDF7A /* FoodRunnerApp */,
				C74DC6812A87EA2F005DDF7A /* FoodRunnerAppTests */,
				C74DC68B2A87EA30005DDF7A /* FoodRunnerAppUITests */,
				C74DC6692A87EA2E005DDF7A /* Products */,
			);
			sourceTree = "<group>";
		};
		C74DC6692A87EA2E005DDF7A /* Products */ = {
			isa = PBXGroup;
			children = (
				C74DC6682A87EA2E005DDF7A /* FoodRunnerApp.app */,
				C74DC67E2A87EA2F005DDF7A /* FoodRunnerAppTests.xctest */,
				C74DC6882A87EA30005DDF7A /* FoodRunnerAppUITests.xctest */,
			);
			name = Products;
			sourceTree = "<group>";
		};
		C74DC66A2A87EA2E005DDF7A /* FoodRunnerApp */ = {
			isa = PBXGroup;
			children = (
				C716D49B2AD2CA3700DA940C /* ViewComponents */,
				C74DC6A22A87EB16005DDF7A /* Controllers */,
				C74D37612A89485900479CDB /* Application */,
				C7D54E462A8A6EB8009CBB63 /* FoodRunnerScreens */,
				C74DC6A12A87EB08005DDF7A /* Models */,
				C74DC69D2A87EACD005DDF7A /* Library */,
				C74DC69C2A87EAB3005DDF7A /* Resources */,
				C74DC69B2A87EA86005DDF7A /* SupportingFiles */,
			);
			path = FoodRunnerApp;
			sourceTree = "<group>";
		};
		C74DC6812A87EA2F005DDF7A /* FoodRunnerAppTests */ = {
			isa = PBXGroup;
			children = (
				C74DC6822A87EA2F005DDF7A /* FoodRunnerAppTests.swift */,
			);
			path = FoodRunnerAppTests;
			sourceTree = "<group>";
		};
		C74DC68B2A87EA30005DDF7A /* FoodRunnerAppUITests */ = {
			isa = PBXGroup;
			children = (
				C74DC68C2A87EA30005DDF7A /* FoodRunnerAppUITests.swift */,
				C74DC68E2A87EA30005DDF7A /* FoodRunnerAppUITestsLaunchTests.swift */,
			);
			path = FoodRunnerAppUITests;
			sourceTree = "<group>";
		};
		C74DC69B2A87EA86005DDF7A /* SupportingFiles */ = {
			isa = PBXGroup;
			children = (
				C74DC6762A87EA2F005DDF7A /* LaunchScreen.storyboard */,
				C74DC6792A87EA2F005DDF7A /* Info.plist */,
			);
			path = SupportingFiles;
			sourceTree = "<group>";
		};
		C74DC69C2A87EAB3005DDF7A /* Resources */ = {
			isa = PBXGroup;
			children = (
				C716D4982AD2C11B00DA940C /* APIJSONData */,
				C74DC6B62A880B19005DDF7A /* Fonts */,
				C74DC6742A87EA2F005DDF7A /* Assets.xcassets */,
				C74DC6C32A880BB6005DDF7A /* FontsRes.swift */,
				C7FB94B12A8EA21500D2F01D /* CatalogRes.swift */,
				C716D4932AD2B88B00DA940C /* CatalogEndpoints.swift */,
				C716D49E2AD2CA6000DA940C /* ImageRes.swift */,
			);
			path = Resources;
			sourceTree = "<group>";
		};
		C74DC69D2A87EACD005DDF7A /* Library */ = {
			isa = PBXGroup;
			children = (
				C7B314F72A89015E00387390 /* Helpers */,
				C74DC6A02A87EAFB005DDF7A /* Services */,
				C74DC69F2A87EAEF005DDF7A /* Enums */,
				C74DC69E2A87EAE3005DDF7A /* Extentions */,
			);
			path = Library;
			sourceTree = "<group>";
		};
		C74DC69E2A87EAE3005DDF7A /* Extentions */ = {
			isa = PBXGroup;
			children = (
				C74DC6B42A8809F6005DDF7A /* UIColor+hexString.swift */,
				C7B314F52A89003F00387390 /* UIView+addViews.swift */,
			);
			path = Extentions;
			sourceTree = "<group>";
		};
		C74DC69F2A87EAEF005DDF7A /* Enums */ = {
			isa = PBXGroup;
			children = (
			);
			path = Enums;
			sourceTree = "<group>";
		};
		C74DC6A02A87EAFB005DDF7A /* Services */ = {
			isa = PBXGroup;
			children = (
				C773A4D82AD3279D003056C8 /* Caching */,
				C716D4752AD2B5B200DA940C /* Networking */,
			);
			path = Services;
			sourceTree = "<group>";
		};
		C74DC6A12A87EB08005DDF7A /* Models */ = {
			isa = PBXGroup;
			children = (
				C7B4417D2A8BAA9200994A9A /* APIModels */,
				C73DADCE2A8E98FB0091A73C /* BigPromoData.swift */,
				C7B314F82A892C7F00387390 /* ProductsData.swift */,
			);
			path = Models;
			sourceTree = "<group>";
		};
		C74DC6A22A87EB16005DDF7A /* Controllers */ = {
			isa = PBXGroup;
			children = (
				C74DC6C52A880DCA005DDF7A /* MockViewController.swift */,
			);
			path = Controllers;
			sourceTree = "<group>";
		};
		C74DC6B62A880B19005DDF7A /* Fonts */ = {
			isa = PBXGroup;
			children = (
				C74DC6B92A880B34005DDF7A /* Inter-Black.ttf */,
				C74DC6BA2A880B34005DDF7A /* Inter-Bold.ttf */,
				C74DC6BC2A880B35005DDF7A /* Inter-Light.ttf */,
				C74DC6B82A880B34005DDF7A /* Inter-Medium.ttf */,
				C74DC6B72A880B34005DDF7A /* Inter-Regular.ttf */,
				C74DC6BB2A880B34005DDF7A /* Inter-Thin.ttf */,
			);
			path = Fonts;
			sourceTree = "<group>";
		};
		C765BBC32A90072A00CC0D44 /* GalleryCells */ = {
			isa = PBXGroup;
			children = (
				C765BBC42A90074E00CC0D44 /* GalleryProductCell.swift */,
			);
			path = GalleryCells;
			sourceTree = "<group>";
		};
		C77055302A8CEE5A00286F8E /* ProductScreen */ = {
			isa = PBXGroup;
			children = (
				C773A4D32AD31DA1003056C8 /* ProductRequests */,
				C770553D2A8CEF1E00286F8E /* ProductViewController.swift */,
				C770553F2A8CEF3B00286F8E /* ProductPresenter.swift */,
				C77055412A8CEF5000286F8E /* ProductInteractor.swift */,
				C77055432A8CEF6400286F8E /* ProductRouter.swift */,
				C77055452A8CEF7600286F8E /* ProductScreenProtocols.swift */,
				C77055472A8CEF8100286F8E /* ProductModuleBuilder.swift */,
			);
			path = ProductScreen;
			sourceTree = "<group>";
		};
		C773A4D22AD31C07003056C8 /* HomeModels */ = {
			isa = PBXGroup;
			children = (
				C74DC6B02A8805D1005DDF7A /* CatalogData.swift */,
			);
			path = HomeModels;
			sourceTree = "<group>";
		};
		C773A4D32AD31DA1003056C8 /* ProductRequests */ = {
			isa = PBXGroup;
			children = (
				C773A4D42AD31DD5003056C8 /* ProductRequest.swift */,
				C773A4D62AD31DE1003056C8 /* ProductResponse.swift */,
			);
			path = ProductRequests;
			sourceTree = "<group>";
		};
		C773A4D82AD3279D003056C8 /* Caching */ = {
			isa = PBXGroup;
			children = (
				C773A4D92AD327AC003056C8 /* CacheService.swift */,
				C7FA64C72A8CD46B0079099E /* CacheServiceImpl.swift */,
				C773A4DB2AD327BD003056C8 /* StructWrapper.swift */,
			);
			path = Caching;
			sourceTree = "<group>";
		};
		C7B314F72A89015E00387390 /* Helpers */ = {
			isa = PBXGroup;
			children = (
				C7B314F32A88FEC400387390 /* CompositionalLayoutConfigurator.swift */,
			);
			path = Helpers;
			sourceTree = "<group>";
		};
		C7B4417D2A8BAA9200994A9A /* APIModels */ = {
			isa = PBXGroup;
			children = (
				C761F3342A8E7431001571AC /* ProductDataResponse.swift */,
				C765BBC62A90080300CC0D44 /* GalleryData.swift */,
			);
			path = APIModels;
			sourceTree = "<group>";
		};
		C7D54E352A8A3D67009CBB63 /* HomeScreen */ = {
			isa = PBXGroup;
			children = (
				C773A4D22AD31C07003056C8 /* HomeModels */,
				C716D4902AD2B7CB00DA940C /* HomeRequests */,
				C7D54E362A8A3D75009CBB63 /* HomeCatalogViews */,
				C74DC6A42A87EC96005DDF7A /* HomeViewController.swift */,
				C7D54E3E2A8A5883009CBB63 /* HomePresenter.swift */,
				C7D54E402A8A58E5009CBB63 /* HomeInteractor.swift */,
				C7D54E422A8A5910009CBB63 /* HomeRouter.swift */,
				C7D54E3B2A8A4FF8009CBB63 /* HomeScreenProtocols.swift */,
				C7D54E442A8A5933009CBB63 /* HomeModuleBuilder.swift */,
			);
			path = HomeScreen;
			sourceTree = "<group>";
		};
		C7D54E362A8A3D75009CBB63 /* HomeCatalogViews */ = {
			isa = PBXGroup;
			children = (
				C74D375F2A8947BE00479CDB /* HomeCells */,
				C74D37602A8947D400479CDB /* ReusableViews */,
				C7B314F12A88EBC800387390 /* HomeCatalogView.swift */,
			);
			path = HomeCatalogViews;
			sourceTree = "<group>";
		};
		C7D54E372A8A3DC8009CBB63 /* GalleryScreen */ = {
			isa = PBXGroup;
			children = (
				C7D54E382A8A3DEF009CBB63 /* GalleryViews */,
				C7D54E392A8A3E35009CBB63 /* GalleryViewController.swift */,
				C77055262A8CEADE00286F8E /* GalleryPresenter.swift */,
				C77055282A8CEAF500286F8E /* GalleryInteractor.swift */,
				C770552A2A8CEB0800286F8E /* GalleryRouter.swift */,
				C770552C2A8CEB1A00286F8E /* GalleryScreenProtocols.swift */,
				C770552E2A8CEB2900286F8E /* GalleryModuleBuilder.swift */,
			);
			path = GalleryScreen;
			sourceTree = "<group>";
		};
		C7D54E382A8A3DEF009CBB63 /* GalleryViews */ = {
			isa = PBXGroup;
			children = (
				C765BBC32A90072A00CC0D44 /* GalleryCells */,
				C765BBC12A90070000CC0D44 /* GalleryCollectionView.swift */,
			);
			path = GalleryViews;
			sourceTree = "<group>";
		};
		C7D54E462A8A6EB8009CBB63 /* FoodRunnerScreens */ = {
			isa = PBXGroup;
			children = (
				C7D54E352A8A3D67009CBB63 /* HomeScreen */,
				C7D54E372A8A3DC8009CBB63 /* GalleryScreen */,
				C77055302A8CEE5A00286F8E /* ProductScreen */,
			);
			path = FoodRunnerScreens;
			sourceTree = "<group>";
		};
/* End PBXGroup section */

/* Begin PBXNativeTarget section */
		C74DC6672A87EA2E005DDF7A /* FoodRunnerApp */ = {
			isa = PBXNativeTarget;
			buildConfigurationList = C74DC6922A87EA30005DDF7A /* Build configuration list for PBXNativeTarget "FoodRunnerApp" */;
			buildPhases = (
				C74DC6642A87EA2E005DDF7A /* Sources */,
				C74DC6652A87EA2E005DDF7A /* Frameworks */,
				C74DC6662A87EA2E005DDF7A /* Resources */,
			);
			buildRules = (
			);
			dependencies = (
			);
			name = FoodRunnerApp;
			productName = FoodRunnerApp;
			productReference = C74DC6682A87EA2E005DDF7A /* FoodRunnerApp.app */;
			productType = "com.apple.product-type.application";
		};
		C74DC67D2A87EA2F005DDF7A /* FoodRunnerAppTests */ = {
			isa = PBXNativeTarget;
			buildConfigurationList = C74DC6952A87EA30005DDF7A /* Build configuration list for PBXNativeTarget "FoodRunnerAppTests" */;
			buildPhases = (
				C74DC67A2A87EA2F005DDF7A /* Sources */,
				C74DC67B2A87EA2F005DDF7A /* Frameworks */,
				C74DC67C2A87EA2F005DDF7A /* Resources */,
			);
			buildRules = (
			);
			dependencies = (
				C74DC6802A87EA2F005DDF7A /* PBXTargetDependency */,
			);
			name = FoodRunnerAppTests;
			productName = FoodRunnerAppTests;
			productReference = C74DC67E2A87EA2F005DDF7A /* FoodRunnerAppTests.xctest */;
			productType = "com.apple.product-type.bundle.unit-test";
		};
		C74DC6872A87EA30005DDF7A /* FoodRunnerAppUITests */ = {
			isa = PBXNativeTarget;
			buildConfigurationList = C74DC6982A87EA30005DDF7A /* Build configuration list for PBXNativeTarget "FoodRunnerAppUITests" */;
			buildPhases = (
				C74DC6842A87EA30005DDF7A /* Sources */,
				C74DC6852A87EA30005DDF7A /* Frameworks */,
				C74DC6862A87EA30005DDF7A /* Resources */,
			);
			buildRules = (
			);
			dependencies = (
				C74DC68A2A87EA30005DDF7A /* PBXTargetDependency */,
			);
			name = FoodRunnerAppUITests;
			productName = FoodRunnerAppUITests;
			productReference = C74DC6882A87EA30005DDF7A /* FoodRunnerAppUITests.xctest */;
			productType = "com.apple.product-type.bundle.ui-testing";
		};
/* End PBXNativeTarget section */

/* Begin PBXProject section */
		C74DC6602A87EA2E005DDF7A /* Project object */ = {
			isa = PBXProject;
			attributes = {
				BuildIndependentTargetsInParallel = 1;
				LastSwiftUpdateCheck = 1420;
				LastUpgradeCheck = 1420;
				TargetAttributes = {
					C74DC6672A87EA2E005DDF7A = {
						CreatedOnToolsVersion = 14.2;
					};
					C74DC67D2A87EA2F005DDF7A = {
						CreatedOnToolsVersion = 14.2;
						TestTargetID = C74DC6672A87EA2E005DDF7A;
					};
					C74DC6872A87EA30005DDF7A = {
						CreatedOnToolsVersion = 14.2;
						TestTargetID = C74DC6672A87EA2E005DDF7A;
					};
				};
			};
			buildConfigurationList = C74DC6632A87EA2E005DDF7A /* Build configuration list for PBXProject "FoodRunnerApp" */;
			compatibilityVersion = "Xcode 14.0";
			developmentRegion = en;
			hasScannedForEncodings = 0;
			knownRegions = (
				en,
				Base,
			);
			mainGroup = C74DC65F2A87EA2E005DDF7A;
			productRefGroup = C74DC6692A87EA2E005DDF7A /* Products */;
			projectDirPath = "";
			projectRoot = "";
			targets = (
				C74DC6672A87EA2E005DDF7A /* FoodRunnerApp */,
				C74DC67D2A87EA2F005DDF7A /* FoodRunnerAppTests */,
				C74DC6872A87EA30005DDF7A /* FoodRunnerAppUITests */,
			);
		};
/* End PBXProject section */

/* Begin PBXResourcesBuildPhase section */
		C74DC6662A87EA2E005DDF7A /* Resources */ = {
			isa = PBXResourcesBuildPhase;
			buildActionMask = 2147483647;
			files = (
				C74DC6C02A880B35005DDF7A /* Inter-Bold.ttf in Resources */,
				C74DC6BE2A880B35005DDF7A /* Inter-Medium.ttf in Resources */,
				C74DC6C22A880B35005DDF7A /* Inter-Light.ttf in Resources */,
				C74DC6782A87EA2F005DDF7A /* LaunchScreen.storyboard in Resources */,
				C74DC6BF2A880B35005DDF7A /* Inter-Black.ttf in Resources */,
				C74DC6BD2A880B35005DDF7A /* Inter-Regular.ttf in Resources */,
				C716D49A2AD2C14700DA940C /* BreadCategoryDataAPI.json in Resources */,
				C74DC6752A87EA2F005DDF7A /* Assets.xcassets in Resources */,
				C74DC6C12A880B35005DDF7A /* Inter-Thin.ttf in Resources */,
			);
			runOnlyForDeploymentPostprocessing = 0;
		};
		C74DC67C2A87EA2F005DDF7A /* Resources */ = {
			isa = PBXResourcesBuildPhase;
			buildActionMask = 2147483647;
			files = (
			);
			runOnlyForDeploymentPostprocessing = 0;
		};
		C74DC6862A87EA30005DDF7A /* Resources */ = {
			isa = PBXResourcesBuildPhase;
			buildActionMask = 2147483647;
			files = (
			);
			runOnlyForDeploymentPostprocessing = 0;
		};
/* End PBXResourcesBuildPhase section */

/* Begin PBXSourcesBuildPhase section */
		C74DC6642A87EA2E005DDF7A /* Sources */ = {
			isa = PBXSourcesBuildPhase;
			buildActionMask = 2147483647;
			files = (
				C773A4DC2AD327BD003056C8 /* StructWrapper.swift in Sources */,
				C74DC66C2A87EA2E005DDF7A /* AppDelegate.swift in Sources */,
				C773A4D52AD31DD5003056C8 /* ProductRequest.swift in Sources */,
				C770552F2A8CEB2900286F8E /* GalleryModuleBuilder.swift in Sources */,
				C765BBC72A90080300CC0D44 /* GalleryData.swift in Sources */,
				C716D4812AD2B65200DA940C /* Converter.swift in Sources */,
				C716D4972AD2BB0000DA940C /* HomePageInfoResponse.swift in Sources */,
				C716D47F2AD2B63B00DA940C /* NetworkDecoder.swift in Sources */,
				C74DC6C42A880BB6005DDF7A /* FontsRes.swift in Sources */,
				C773A4D72AD31DE1003056C8 /* ProductResponse.swift in Sources */,
				C716D48B2AD2B6E600DA940C /* NetworkClientImpl.swift in Sources */,
				C770552D2A8CEB1A00286F8E /* GalleryScreenProtocols.swift in Sources */,
				C716D49D2AD2CA4000DA940C /* LazyImageView.swift in Sources */,
				C74DC6AF2A87F8B0005DDF7A /* CatalogCategoryHeaderReusableView.swift in Sources */,
				C7D54E452A8A5933009CBB63 /* HomeModuleBuilder.swift in Sources */,
				C7D54E3F2A8A5883009CBB63 /* HomePresenter.swift in Sources */,
				C7FA64C82A8CD46B0079099E /* CacheServiceImpl.swift in Sources */,
				C74DC6C62A880DCB005DDF7A /* MockViewController.swift in Sources */,
				C770552B2A8CEB0800286F8E /* GalleryRouter.swift in Sources */,
				C773A4DA2AD327AC003056C8 /* CacheService.swift in Sources */,
				C77055422A8CEF5000286F8E /* ProductInteractor.swift in Sources */,
				C716D4792AD2B5E600DA940C /* RequestBuilder.swift in Sources */,
				C73DADCF2A8E98FB0091A73C /* BigPromoData.swift in Sources */,
				C765BBC52A90074E00CC0D44 /* GalleryProductCell.swift in Sources */,
				C74DC6B52A8809F7005DDF7A /* UIColor+hexString.swift in Sources */,
				C7D54E412A8A58E5009CBB63 /* HomeInteractor.swift in Sources */,
				C7054B812A88278700E4E23E /* BigPromoCell.swift in Sources */,
				C74DC66E2A87EA2E005DDF7A /* SceneDelegate.swift in Sources */,
				C716D4922AD2B80100DA940C /* HomePageInfoRequest.swift in Sources */,
				C716D4942AD2B88B00DA940C /* CatalogEndpoints.swift in Sources */,
				C7B314F22A88EBC800387390 /* HomeCatalogView.swift in Sources */,
				C765BBC22A90070000CC0D44 /* GalleryCollectionView.swift in Sources */,
				C716D49F2AD2CA6000DA940C /* ImageRes.swift in Sources */,
				C74DC6A52A87EC96005DDF7A /* HomeViewController.swift in Sources */,
				C716D4832AD2B66600DA940C /* HTTPMethod.swift in Sources */,
				C74DC6B12A8805D1005DDF7A /* CatalogData.swift in Sources */,
				C761F3352A8E7431001571AC /* ProductDataResponse.swift in Sources */,
				C716D4892AD2B6CA00DA940C /* ConverterFromJSON.swift in Sources */,
				C7B314F62A89003F00387390 /* UIView+addViews.swift in Sources */,
				C770553E2A8CEF1E00286F8E /* ProductViewController.swift in Sources */,
				C7B314F42A88FEC400387390 /* CompositionalLayoutConfigurator.swift in Sources */,
				C77055462A8CEF7600286F8E /* ProductScreenProtocols.swift in Sources */,
				C74DC6A92A87F159005DDF7A /* CategoryCell.swift in Sources */,
				C77055442A8CEF6400286F8E /* ProductRouter.swift in Sources */,
				C77055482A8CEF8100286F8E /* ProductModuleBuilder.swift in Sources */,
				C77055292A8CEAF500286F8E /* GalleryInteractor.swift in Sources */,
				C77055402A8CEF3B00286F8E /* ProductPresenter.swift in Sources */,
				C716D47D2AD2B60900DA940C /* EndpointComponent.swift in Sources */,
				C7D54E3C2A8A4FF8009CBB63 /* HomeScreenProtocols.swift in Sources */,
				C7D54E3A2A8A3E35009CBB63 /* GalleryViewController.swift in Sources */,
				C7B314F92A892C7F00387390 /* ProductsData.swift in Sources */,
				C7D5F3BC2A88184D000E4A06 /* PromoCell.swift in Sources */,
				C716D48D2AD2B74900DA940C /* RequestBuilderImpl.swift in Sources */,
				C716D47B2AD2B5F600DA940C /* NetworkRequest.swift in Sources */,
				C716D4772AD2B5D300DA940C /* NetworkClient.swift in Sources */,
				C7FB94B22A8EA21500D2F01D /* CatalogRes.swift in Sources */,
				C716D4852AD2B69C00DA940C /* NetworkError.swift in Sources */,
				C77055272A8CEADE00286F8E /* GalleryPresenter.swift in Sources */,
				C7D54E432A8A5910009CBB63 /* HomeRouter.swift in Sources */,
				C716D48F2AD2B78F00DA940C /* NetworkDecoderWrapper.swift in Sources */,
			);
			runOnlyForDeploymentPostprocessing = 0;
		};
		C74DC67A2A87EA2F005DDF7A /* Sources */ = {
			isa = PBXSourcesBuildPhase;
			buildActionMask = 2147483647;
			files = (
				C74DC6832A87EA2F005DDF7A /* FoodRunnerAppTests.swift in Sources */,
			);
			runOnlyForDeploymentPostprocessing = 0;
		};
		C74DC6842A87EA30005DDF7A /* Sources */ = {
			isa = PBXSourcesBuildPhase;
			buildActionMask = 2147483647;
			files = (
				C74DC68F2A87EA30005DDF7A /* FoodRunnerAppUITestsLaunchTests.swift in Sources */,
				C74DC68D2A87EA30005DDF7A /* FoodRunnerAppUITests.swift in Sources */,
			);
			runOnlyForDeploymentPostprocessing = 0;
		};
/* End PBXSourcesBuildPhase section */

/* Begin PBXTargetDependency section */
		C74DC6802A87EA2F005DDF7A /* PBXTargetDependency */ = {
			isa = PBXTargetDependency;
			target = C74DC6672A87EA2E005DDF7A /* FoodRunnerApp */;
			targetProxy = C74DC67F2A87EA2F005DDF7A /* PBXContainerItemProxy */;
		};
		C74DC68A2A87EA30005DDF7A /* PBXTargetDependency */ = {
			isa = PBXTargetDependency;
			target = C74DC6672A87EA2E005DDF7A /* FoodRunnerApp */;
			targetProxy = C74DC6892A87EA30005DDF7A /* PBXContainerItemProxy */;
		};
/* End PBXTargetDependency section */

/* Begin PBXVariantGroup section */
		C74DC6762A87EA2F005DDF7A /* LaunchScreen.storyboard */ = {
			isa = PBXVariantGroup;
			children = (
				C74DC6772A87EA2F005DDF7A /* Base */,
			);
			name = LaunchScreen.storyboard;
			sourceTree = "<group>";
		};
/* End PBXVariantGroup section */

/* Begin XCBuildConfiguration section */
		C74DC6902A87EA30005DDF7A /* Debug */ = {
			isa = XCBuildConfiguration;
			buildSettings = {
				ALWAYS_SEARCH_USER_PATHS = NO;
				CLANG_ANALYZER_NONNULL = YES;
				CLANG_ANALYZER_NUMBER_OBJECT_CONVERSION = YES_AGGRESSIVE;
				CLANG_CXX_LANGUAGE_STANDARD = "gnu++20";
				CLANG_ENABLE_MODULES = YES;
				CLANG_ENABLE_OBJC_ARC = YES;
				CLANG_ENABLE_OBJC_WEAK = YES;
				CLANG_WARN_BLOCK_CAPTURE_AUTORELEASING = YES;
				CLANG_WARN_BOOL_CONVERSION = YES;
				CLANG_WARN_COMMA = YES;
				CLANG_WARN_CONSTANT_CONVERSION = YES;
				CLANG_WARN_DEPRECATED_OBJC_IMPLEMENTATIONS = YES;
				CLANG_WARN_DIRECT_OBJC_ISA_USAGE = YES_ERROR;
				CLANG_WARN_DOCUMENTATION_COMMENTS = YES;
				CLANG_WARN_EMPTY_BODY = YES;
				CLANG_WARN_ENUM_CONVERSION = YES;
				CLANG_WARN_INFINITE_RECURSION = YES;
				CLANG_WARN_INT_CONVERSION = YES;
				CLANG_WARN_NON_LITERAL_NULL_CONVERSION = YES;
				CLANG_WARN_OBJC_IMPLICIT_RETAIN_SELF = YES;
				CLANG_WARN_OBJC_LITERAL_CONVERSION = YES;
				CLANG_WARN_OBJC_ROOT_CLASS = YES_ERROR;
				CLANG_WARN_QUOTED_INCLUDE_IN_FRAMEWORK_HEADER = YES;
				CLANG_WARN_RANGE_LOOP_ANALYSIS = YES;
				CLANG_WARN_STRICT_PROTOTYPES = YES;
				CLANG_WARN_SUSPICIOUS_MOVE = YES;
				CLANG_WARN_UNGUARDED_AVAILABILITY = YES_AGGRESSIVE;
				CLANG_WARN_UNREACHABLE_CODE = YES;
				CLANG_WARN__DUPLICATE_METHOD_MATCH = YES;
				COPY_PHASE_STRIP = NO;
				DEBUG_INFORMATION_FORMAT = dwarf;
				ENABLE_STRICT_OBJC_MSGSEND = YES;
				ENABLE_TESTABILITY = YES;
				GCC_C_LANGUAGE_STANDARD = gnu11;
				GCC_DYNAMIC_NO_PIC = NO;
				GCC_NO_COMMON_BLOCKS = YES;
				GCC_OPTIMIZATION_LEVEL = 0;
				GCC_PREPROCESSOR_DEFINITIONS = (
					"DEBUG=1",
					"$(inherited)",
				);
				GCC_WARN_64_TO_32_BIT_CONVERSION = YES;
				GCC_WARN_ABOUT_RETURN_TYPE = YES_ERROR;
				GCC_WARN_UNDECLARED_SELECTOR = YES;
				GCC_WARN_UNINITIALIZED_AUTOS = YES_AGGRESSIVE;
				GCC_WARN_UNUSED_FUNCTION = YES;
				GCC_WARN_UNUSED_VARIABLE = YES;
				IPHONEOS_DEPLOYMENT_TARGET = 16.2;
				MTL_ENABLE_DEBUG_INFO = INCLUDE_SOURCE;
				MTL_FAST_MATH = YES;
				ONLY_ACTIVE_ARCH = YES;
				SDKROOT = iphoneos;
				SWIFT_ACTIVE_COMPILATION_CONDITIONS = DEBUG;
				SWIFT_OPTIMIZATION_LEVEL = "-Onone";
			};
			name = Debug;
		};
		C74DC6912A87EA30005DDF7A /* Release */ = {
			isa = XCBuildConfiguration;
			buildSettings = {
				ALWAYS_SEARCH_USER_PATHS = NO;
				CLANG_ANALYZER_NONNULL = YES;
				CLANG_ANALYZER_NUMBER_OBJECT_CONVERSION = YES_AGGRESSIVE;
				CLANG_CXX_LANGUAGE_STANDARD = "gnu++20";
				CLANG_ENABLE_MODULES = YES;
				CLANG_ENABLE_OBJC_ARC = YES;
				CLANG_ENABLE_OBJC_WEAK = YES;
				CLANG_WARN_BLOCK_CAPTURE_AUTORELEASING = YES;
				CLANG_WARN_BOOL_CONVERSION = YES;
				CLANG_WARN_COMMA = YES;
				CLANG_WARN_CONSTANT_CONVERSION = YES;
				CLANG_WARN_DEPRECATED_OBJC_IMPLEMENTATIONS = YES;
				CLANG_WARN_DIRECT_OBJC_ISA_USAGE = YES_ERROR;
				CLANG_WARN_DOCUMENTATION_COMMENTS = YES;
				CLANG_WARN_EMPTY_BODY = YES;
				CLANG_WARN_ENUM_CONVERSION = YES;
				CLANG_WARN_INFINITE_RECURSION = YES;
				CLANG_WARN_INT_CONVERSION = YES;
				CLANG_WARN_NON_LITERAL_NULL_CONVERSION = YES;
				CLANG_WARN_OBJC_IMPLICIT_RETAIN_SELF = YES;
				CLANG_WARN_OBJC_LITERAL_CONVERSION = YES;
				CLANG_WARN_OBJC_ROOT_CLASS = YES_ERROR;
				CLANG_WARN_QUOTED_INCLUDE_IN_FRAMEWORK_HEADER = YES;
				CLANG_WARN_RANGE_LOOP_ANALYSIS = YES;
				CLANG_WARN_STRICT_PROTOTYPES = YES;
				CLANG_WARN_SUSPICIOUS_MOVE = YES;
				CLANG_WARN_UNGUARDED_AVAILABILITY = YES_AGGRESSIVE;
				CLANG_WARN_UNREACHABLE_CODE = YES;
				CLANG_WARN__DUPLICATE_METHOD_MATCH = YES;
				COPY_PHASE_STRIP = NO;
				DEBUG_INFORMATION_FORMAT = "dwarf-with-dsym";
				ENABLE_NS_ASSERTIONS = NO;
				ENABLE_STRICT_OBJC_MSGSEND = YES;
				GCC_C_LANGUAGE_STANDARD = gnu11;
				GCC_NO_COMMON_BLOCKS = YES;
				GCC_WARN_64_TO_32_BIT_CONVERSION = YES;
				GCC_WARN_ABOUT_RETURN_TYPE = YES_ERROR;
				GCC_WARN_UNDECLARED_SELECTOR = YES;
				GCC_WARN_UNINITIALIZED_AUTOS = YES_AGGRESSIVE;
				GCC_WARN_UNUSED_FUNCTION = YES;
				GCC_WARN_UNUSED_VARIABLE = YES;
				IPHONEOS_DEPLOYMENT_TARGET = 16.2;
				MTL_ENABLE_DEBUG_INFO = NO;
				MTL_FAST_MATH = YES;
				SDKROOT = iphoneos;
				SWIFT_COMPILATION_MODE = wholemodule;
				SWIFT_OPTIMIZATION_LEVEL = "-O";
				VALIDATE_PRODUCT = YES;
			};
			name = Release;
		};
		C74DC6932A87EA30005DDF7A /* Debug */ = {
			isa = XCBuildConfiguration;
			buildSettings = {
				ASSETCATALOG_COMPILER_APPICON_NAME = AppIcon;
				ASSETCATALOG_COMPILER_GLOBAL_ACCENT_COLOR_NAME = AccentColor;
				CODE_SIGN_STYLE = Automatic;
				CURRENT_PROJECT_VERSION = 1;
				DEVELOPMENT_TEAM = YV94F8SKGT;
				GENERATE_INFOPLIST_FILE = YES;
				INFOPLIST_FILE = FoodRunnerApp/SupportingFiles/Info.plist;
				INFOPLIST_KEY_UIApplicationSupportsIndirectInputEvents = YES;
				INFOPLIST_KEY_UILaunchStoryboardName = LaunchScreen;
				INFOPLIST_KEY_UISupportedInterfaceOrientations = UIInterfaceOrientationPortrait;
				INFOPLIST_KEY_UISupportedInterfaceOrientations_iPad = "UIInterfaceOrientationLandscapeLeft UIInterfaceOrientationLandscapeRight UIInterfaceOrientationPortrait UIInterfaceOrientationPortraitUpsideDown";
				IPHONEOS_DEPLOYMENT_TARGET = 14.0;
				LD_RUNPATH_SEARCH_PATHS = (
					"$(inherited)",
					"@executable_path/Frameworks",
				);
				MARKETING_VERSION = 1.0;
				PRODUCT_BUNDLE_IDENTIFIER = space.redoctopus.FoodRunnerApp;
				PRODUCT_NAME = "$(TARGET_NAME)";
				SUPPORTED_PLATFORMS = "iphoneos iphonesimulator";
				SUPPORTS_MACCATALYST = NO;
				SUPPORTS_MAC_DESIGNED_FOR_IPHONE_IPAD = YES;
				SWIFT_EMIT_LOC_STRINGS = YES;
				SWIFT_VERSION = 5.0;
				TARGETED_DEVICE_FAMILY = 1;
			};
			name = Debug;
		};
		C74DC6942A87EA30005DDF7A /* Release */ = {
			isa = XCBuildConfiguration;
			buildSettings = {
				ASSETCATALOG_COMPILER_APPICON_NAME = AppIcon;
				ASSETCATALOG_COMPILER_GLOBAL_ACCENT_COLOR_NAME = AccentColor;
				CODE_SIGN_STYLE = Automatic;
				CURRENT_PROJECT_VERSION = 1;
				DEVELOPMENT_TEAM = YV94F8SKGT;
				GENERATE_INFOPLIST_FILE = YES;
				INFOPLIST_FILE = FoodRunnerApp/SupportingFiles/Info.plist;
				INFOPLIST_KEY_UIApplicationSupportsIndirectInputEvents = YES;
				INFOPLIST_KEY_UILaunchStoryboardName = LaunchScreen;
				INFOPLIST_KEY_UISupportedInterfaceOrientations = UIInterfaceOrientationPortrait;
				INFOPLIST_KEY_UISupportedInterfaceOrientations_iPad = "UIInterfaceOrientationLandscapeLeft UIInterfaceOrientationLandscapeRight UIInterfaceOrientationPortrait UIInterfaceOrientationPortraitUpsideDown";
				IPHONEOS_DEPLOYMENT_TARGET = 14.0;
				LD_RUNPATH_SEARCH_PATHS = (
					"$(inherited)",
					"@executable_path/Frameworks",
				);
				MARKETING_VERSION = 1.0;
				PRODUCT_BUNDLE_IDENTIFIER = space.redoctopus.FoodRunnerApp;
				PRODUCT_NAME = "$(TARGET_NAME)";
				SUPPORTED_PLATFORMS = "iphoneos iphonesimulator";
				SUPPORTS_MACCATALYST = NO;
				SUPPORTS_MAC_DESIGNED_FOR_IPHONE_IPAD = YES;
				SWIFT_EMIT_LOC_STRINGS = YES;
				SWIFT_VERSION = 5.0;
				TARGETED_DEVICE_FAMILY = 1;
			};
			name = Release;
		};
		C74DC6962A87EA30005DDF7A /* Debug */ = {
			isa = XCBuildConfiguration;
			buildSettings = {
				ALWAYS_EMBED_SWIFT_STANDARD_LIBRARIES = YES;
				BUNDLE_LOADER = "$(TEST_HOST)";
				CODE_SIGN_STYLE = Automatic;
				CURRENT_PROJECT_VERSION = 1;
				DEVELOPMENT_TEAM = YV94F8SKGT;
				GENERATE_INFOPLIST_FILE = YES;
				IPHONEOS_DEPLOYMENT_TARGET = 16.2;
				MARKETING_VERSION = 1.0;
				PRODUCT_BUNDLE_IDENTIFIER = space.redoctopus.FoodRunnerAppTests;
				PRODUCT_NAME = "$(TARGET_NAME)";
				SWIFT_EMIT_LOC_STRINGS = NO;
				SWIFT_VERSION = 5.0;
				TARGETED_DEVICE_FAMILY = "1,2";
				TEST_HOST = "$(BUILT_PRODUCTS_DIR)/FoodRunnerApp.app/$(BUNDLE_EXECUTABLE_FOLDER_PATH)/FoodRunnerApp";
			};
			name = Debug;
		};
		C74DC6972A87EA30005DDF7A /* Release */ = {
			isa = XCBuildConfiguration;
			buildSettings = {
				ALWAYS_EMBED_SWIFT_STANDARD_LIBRARIES = YES;
				BUNDLE_LOADER = "$(TEST_HOST)";
				CODE_SIGN_STYLE = Automatic;
				CURRENT_PROJECT_VERSION = 1;
				DEVELOPMENT_TEAM = YV94F8SKGT;
				GENERATE_INFOPLIST_FILE = YES;
				IPHONEOS_DEPLOYMENT_TARGET = 16.2;
				MARKETING_VERSION = 1.0;
				PRODUCT_BUNDLE_IDENTIFIER = space.redoctopus.FoodRunnerAppTests;
				PRODUCT_NAME = "$(TARGET_NAME)";
				SWIFT_EMIT_LOC_STRINGS = NO;
				SWIFT_VERSION = 5.0;
				TARGETED_DEVICE_FAMILY = "1,2";
				TEST_HOST = "$(BUILT_PRODUCTS_DIR)/FoodRunnerApp.app/$(BUNDLE_EXECUTABLE_FOLDER_PATH)/FoodRunnerApp";
			};
			name = Release;
		};
		C74DC6992A87EA30005DDF7A /* Debug */ = {
			isa = XCBuildConfiguration;
			buildSettings = {
				ALWAYS_EMBED_SWIFT_STANDARD_LIBRARIES = YES;
				CODE_SIGN_STYLE = Automatic;
				CURRENT_PROJECT_VERSION = 1;
				DEVELOPMENT_TEAM = YV94F8SKGT;
				GENERATE_INFOPLIST_FILE = YES;
				MARKETING_VERSION = 1.0;
				PRODUCT_BUNDLE_IDENTIFIER = space.redoctopus.FoodRunnerAppUITests;
				PRODUCT_NAME = "$(TARGET_NAME)";
				SWIFT_EMIT_LOC_STRINGS = NO;
				SWIFT_VERSION = 5.0;
				TARGETED_DEVICE_FAMILY = "1,2";
				TEST_TARGET_NAME = FoodRunnerApp;
			};
			name = Debug;
		};
		C74DC69A2A87EA30005DDF7A /* Release */ = {
			isa = XCBuildConfiguration;
			buildSettings = {
				ALWAYS_EMBED_SWIFT_STANDARD_LIBRARIES = YES;
				CODE_SIGN_STYLE = Automatic;
				CURRENT_PROJECT_VERSION = 1;
				DEVELOPMENT_TEAM = YV94F8SKGT;
				GENERATE_INFOPLIST_FILE = YES;
				MARKETING_VERSION = 1.0;
				PRODUCT_BUNDLE_IDENTIFIER = space.redoctopus.FoodRunnerAppUITests;
				PRODUCT_NAME = "$(TARGET_NAME)";
				SWIFT_EMIT_LOC_STRINGS = NO;
				SWIFT_VERSION = 5.0;
				TARGETED_DEVICE_FAMILY = "1,2";
				TEST_TARGET_NAME = FoodRunnerApp;
			};
			name = Release;
		};
/* End XCBuildConfiguration section */

/* Begin XCConfigurationList section */
		C74DC6632A87EA2E005DDF7A /* Build configuration list for PBXProject "FoodRunnerApp" */ = {
			isa = XCConfigurationList;
			buildConfigurations = (
				C74DC6902A87EA30005DDF7A /* Debug */,
				C74DC6912A87EA30005DDF7A /* Release */,
			);
			defaultConfigurationIsVisible = 0;
			defaultConfigurationName = Release;
		};
		C74DC6922A87EA30005DDF7A /* Build configuration list for PBXNativeTarget "FoodRunnerApp" */ = {
			isa = XCConfigurationList;
			buildConfigurations = (
				C74DC6932A87EA30005DDF7A /* Debug */,
				C74DC6942A87EA30005DDF7A /* Release */,
			);
			defaultConfigurationIsVisible = 0;
			defaultConfigurationName = Release;
		};
		C74DC6952A87EA30005DDF7A /* Build configuration list for PBXNativeTarget "FoodRunnerAppTests" */ = {
			isa = XCConfigurationList;
			buildConfigurations = (
				C74DC6962A87EA30005DDF7A /* Debug */,
				C74DC6972A87EA30005DDF7A /* Release */,
			);
			defaultConfigurationIsVisible = 0;
			defaultConfigurationName = Release;
		};
		C74DC6982A87EA30005DDF7A /* Build configuration list for PBXNativeTarget "FoodRunnerAppUITests" */ = {
			isa = XCConfigurationList;
			buildConfigurations = (
				C74DC6992A87EA30005DDF7A /* Debug */,
				C74DC69A2A87EA30005DDF7A /* Release */,
			);
			defaultConfigurationIsVisible = 0;
			defaultConfigurationName = Release;
		};
/* End XCConfigurationList section */
	};
	rootObject = C74DC6602A87EA2E005DDF7A /* Project object */;
}
